// !$*UTF8*$!
{
	archiveVersion = 1;
	classes = {
	};
	objectVersion = 46;
	objects = {

/* Begin PBXBuildFile section */
		9A9ABB4C7D6113A9E5970F5C /* Pods_ZaimaSocial.framework in Frameworks */ = {isa = PBXBuildFile; fileRef = E2D59973FB582D4C19E79251 /* Pods_ZaimaSocial.framework */; };
		E7568C8D1E353FF4002919C4 /* AppDelegate.swift in Sources */ = {isa = PBXBuildFile; fileRef = E7568C8C1E353FF4002919C4 /* AppDelegate.swift */; };
		E7568C8F1E353FF4002919C4 /* SignInVC.swift in Sources */ = {isa = PBXBuildFile; fileRef = E7568C8E1E353FF4002919C4 /* SignInVC.swift */; };
		E7568C921E353FF4002919C4 /* Main.storyboard in Resources */ = {isa = PBXBuildFile; fileRef = E7568C901E353FF4002919C4 /* Main.storyboard */; };
		E7568C941E353FF4002919C4 /* Assets.xcassets in Resources */ = {isa = PBXBuildFile; fileRef = E7568C931E353FF4002919C4 /* Assets.xcassets */; };
		E7568C971E353FF4002919C4 /* LaunchScreen.storyboard in Resources */ = {isa = PBXBuildFile; fileRef = E7568C951E353FF4002919C4 /* LaunchScreen.storyboard */; };
		E7568C9F1E354165002919C4 /* GoogleService-Info.plist in Resources */ = {isa = PBXBuildFile; fileRef = E7568C9E1E354165002919C4 /* GoogleService-Info.plist */; };
		E7568CA41E358BFE002919C4 /* FancyView.swift in Sources */ = {isa = PBXBuildFile; fileRef = E7568CA31E358BFE002919C4 /* FancyView.swift */; };
		E7568CA71E358C65002919C4 /* Constants.swift in Sources */ = {isa = PBXBuildFile; fileRef = E7568CA61E358C65002919C4 /* Constants.swift */; };
		E7568CA91E358DFB002919C4 /* RoundButton.swift in Sources */ = {isa = PBXBuildFile; fileRef = E7568CA81E358DFB002919C4 /* RoundButton.swift */; };
		E7568CAB1E358FE2002919C4 /* FancyField.swift in Sources */ = {isa = PBXBuildFile; fileRef = E7568CAA1E358FE2002919C4 /* FancyField.swift */; };
		E7568CAD1E35911B002919C4 /* FancyButton.swift in Sources */ = {isa = PBXBuildFile; fileRef = E7568CAC1E35911B002919C4 /* FancyButton.swift */; };
/* End PBXBuildFile section */

/* Begin PBXFileReference section */
		61CBBC17AF594CB7BAD40A1D /* Pods-ZaimaSocial.debug.xcconfig */ = {isa = PBXFileReference; includeInIndex = 1; lastKnownFileType = text.xcconfig; name = "Pods-ZaimaSocial.debug.xcconfig"; path = "Pods/Target Support Files/Pods-ZaimaSocial/Pods-ZaimaSocial.debug.xcconfig"; sourceTree = "<group>"; };
		9449314E6EE6BDF156DBEB1E /* Pods-ZaimaSocial.release.xcconfig */ = {isa = PBXFileReference; includeInIndex = 1; lastKnownFileType = text.xcconfig; name = "Pods-ZaimaSocial.release.xcconfig"; path = "Pods/Target Support Files/Pods-ZaimaSocial/Pods-ZaimaSocial.release.xcconfig"; sourceTree = "<group>"; };
		E2D59973FB582D4C19E79251 /* Pods_ZaimaSocial.framework */ = {isa = PBXFileReference; explicitFileType = wrapper.framework; includeInIndex = 0; path = Pods_ZaimaSocial.framework; sourceTree = BUILT_PRODUCTS_DIR; };
		E7568C891E353FF4002919C4 /* ZaimaSocial.app */ = {isa = PBXFileReference; explicitFileType = wrapper.application; includeInIndex = 0; path = ZaimaSocial.app; sourceTree = BUILT_PRODUCTS_DIR; };
		E7568C8C1E353FF4002919C4 /* AppDelegate.swift */ = {isa = PBXFileReference; lastKnownFileType = sourcecode.swift; path = AppDelegate.swift; sourceTree = "<group>"; };
		E7568C8E1E353FF4002919C4 /* SignInVC.swift */ = {isa = PBXFileReference; lastKnownFileType = sourcecode.swift; path = SignInVC.swift; sourceTree = "<group>"; };
		E7568C911E353FF4002919C4 /* Base */ = {isa = PBXFileReference; lastKnownFileType = file.storyboard; name = Base; path = Base.lproj/Main.storyboard; sourceTree = "<group>"; };
		E7568C931E353FF4002919C4 /* Assets.xcassets */ = {isa = PBXFileReference; lastKnownFileType = folder.assetcatalog; path = Assets.xcassets; sourceTree = "<group>"; };
		E7568C961E353FF4002919C4 /* Base */ = {isa = PBXFileReference; lastKnownFileType = file.storyboard; name = Base; path = Base.lproj/LaunchScreen.storyboard; sourceTree = "<group>"; };
		E7568C981E353FF4002919C4 /* Info.plist */ = {isa = PBXFileReference; lastKnownFileType = text.plist.xml; path = Info.plist; sourceTree = "<group>"; };
		E7568C9E1E354165002919C4 /* GoogleService-Info.plist */ = {isa = PBXFileReference; fileEncoding = 4; lastKnownFileType = text.plist.xml; path = "GoogleService-Info.plist"; sourceTree = "<group>"; };
		E7568CA31E358BFE002919C4 /* FancyView.swift */ = {isa = PBXFileReference; fileEncoding = 4; lastKnownFileType = sourcecode.swift; path = FancyView.swift; sourceTree = "<group>"; };
		E7568CA61E358C65002919C4 /* Constants.swift */ = {isa = PBXFileReference; fileEncoding = 4; lastKnownFileType = sourcecode.swift; path = Constants.swift; sourceTree = "<group>"; };
		E7568CA81E358DFB002919C4 /* RoundButton.swift */ = {isa = PBXFileReference; fileEncoding = 4; lastKnownFileType = sourcecode.swift; path = RoundButton.swift; sourceTree = "<group>"; };
		E7568CAA1E358FE2002919C4 /* FancyField.swift */ = {isa = PBXFileReference; fileEncoding = 4; lastKnownFileType = sourcecode.swift; path = FancyField.swift; sourceTree = "<group>"; };
		E7568CAC1E35911B002919C4 /* FancyButton.swift */ = {isa = PBXFileReference; fileEncoding = 4; lastKnownFileType = sourcecode.swift; path = FancyButton.swift; sourceTree = "<group>"; };
/* End PBXFileReference section */

/* Begin PBXFrameworksBuildPhase section */
		E7568C861E353FF4002919C4 /* Frameworks */ = {
			isa = PBXFrameworksBuildPhase;
			buildActionMask = 2147483647;
			files = (
				9A9ABB4C7D6113A9E5970F5C /* Pods_ZaimaSocial.framework in Frameworks */,
			);
			runOnlyForDeploymentPostprocessing = 0;
		};
/* End PBXFrameworksBuildPhase section */

/* Begin PBXGroup section */
		0EC7A47AFD2C682D0F87FE36 /* Pods */ = {
			isa = PBXGroup;
			children = (
				61CBBC17AF594CB7BAD40A1D /* Pods-ZaimaSocial.debug.xcconfig */,
				9449314E6EE6BDF156DBEB1E /* Pods-ZaimaSocial.release.xcconfig */,
			);
			name = Pods;
			sourceTree = "<group>";
		};
		768586AE86ABA6BE7D60A1CA /* Frameworks */ = {
			isa = PBXGroup;
			children = (
				E2D59973FB582D4C19E79251 /* Pods_ZaimaSocial.framework */,
			);
			name = Frameworks;
			sourceTree = "<group>";
		};
		E7568C801E353FF4002919C4 = {
			isa = PBXGroup;
			children = (
				E7568C8B1E353FF4002919C4 /* ZaimaSocial */,
				E7568C8A1E353FF4002919C4 /* Products */,
				0EC7A47AFD2C682D0F87FE36 /* Pods */,
				768586AE86ABA6BE7D60A1CA /* Frameworks */,
			);
			sourceTree = "<group>";
		};
		E7568C8A1E353FF4002919C4 /* Products */ = {
			isa = PBXGroup;
			children = (
				E7568C891E353FF4002919C4 /* ZaimaSocial.app */,
			);
			name = Products;
			sourceTree = "<group>";
		};
		E7568C8B1E353FF4002919C4 /* ZaimaSocial */ = {
			isa = PBXGroup;
			children = (
				E7568CA51E358C49002919C4 /* Utility */,
				E7568CA21E3543EC002919C4 /* Controller */,
				E7568CA11E3543E6002919C4 /* View */,
				E7568CA01E3543DF002919C4 /* Model */,
				E7568C8C1E353FF4002919C4 /* AppDelegate.swift */,
				E7568C901E353FF4002919C4 /* Main.storyboard */,
				E7568C931E353FF4002919C4 /* Assets.xcassets */,
				E7568C951E353FF4002919C4 /* LaunchScreen.storyboard */,
				E7568C981E353FF4002919C4 /* Info.plist */,
				E7568C9E1E354165002919C4 /* GoogleService-Info.plist */,
			);
			path = ZaimaSocial;
			sourceTree = "<group>";
		};
		E7568CA01E3543DF002919C4 /* Model */ = {
			isa = PBXGroup;
			children = (
			);
			name = Model;
			sourceTree = "<group>";
		};
		E7568CA11E3543E6002919C4 /* View */ = {
			isa = PBXGroup;
			children = (
				E7568CA31E358BFE002919C4 /* FancyView.swift */,
				E7568CA81E358DFB002919C4 /* RoundButton.swift */,
				E7568CAA1E358FE2002919C4 /* FancyField.swift */,
				E7568CAC1E35911B002919C4 /* FancyButton.swift */,
			);
			name = View;
			sourceTree = "<group>";
		};
		E7568CA21E3543EC002919C4 /* Controller */ = {
			isa = PBXGroup;
			children = (
				E7568C8E1E353FF4002919C4 /* SignInVC.swift */,
			);
			name = Controller;
			sourceTree = "<group>";
		};
		E7568CA51E358C49002919C4 /* Utility */ = {
			isa = PBXGroup;
			children = (
				E7568CA61E358C65002919C4 /* Constants.swift */,
			);
			name = Utility;
			sourceTree = "<group>";
		};
/* End PBXGroup section */

/* Begin PBXNativeTarget section */
		E7568C881E353FF4002919C4 /* ZaimaSocial */ = {
			isa = PBXNativeTarget;
			buildConfigurationList = E7568C9B1E353FF4002919C4 /* Build configuration list for PBXNativeTarget "ZaimaSocial" */;
			buildPhases = (
				9003E4FDCF7ECDFD44F3C15E /* [CP] Check Pods Manifest.lock */,
				E7568C851E353FF4002919C4 /* Sources */,
				E7568C861E353FF4002919C4 /* Frameworks */,
				E7568C871E353FF4002919C4 /* Resources */,
				759DE1F4D8BACEB756872B56 /* [CP] Embed Pods Frameworks */,
				2D6A83608F68DDCF54BC1222 /* [CP] Copy Pods Resources */,
			);
			buildRules = (
			);
			dependencies = (
			);
			name = ZaimaSocial;
			productName = ZaimaSocial;
			productReference = E7568C891E353FF4002919C4 /* ZaimaSocial.app */;
			productType = "com.apple.product-type.application";
		};
/* End PBXNativeTarget section */

/* Begin PBXProject section */
		E7568C811E353FF4002919C4 /* Project object */ = {
			isa = PBXProject;
			attributes = {
				LastSwiftUpdateCheck = 0820;
				LastUpgradeCheck = 0820;
				ORGANIZATIONNAME = "Ahmed Zaima";
				TargetAttributes = {
					E7568C881E353FF4002919C4 = {
						CreatedOnToolsVersion = 8.2.1;
						DevelopmentTeam = 9MT4EUS42Y;
						ProvisioningStyle = Automatic;
					};
				};
			};
			buildConfigurationList = E7568C841E353FF4002919C4 /* Build configuration list for PBXProject "ZaimaSocial" */;
			compatibilityVersion = "Xcode 3.2";
			developmentRegion = English;
			hasScannedForEncodings = 0;
			knownRegions = (
				en,
				Base,
			);
			mainGroup = E7568C801E353FF4002919C4;
			productRefGroup = E7568C8A1E353FF4002919C4 /* Products */;
			projectDirPath = "";
			projectRoot = "";
			targets = (
				E7568C881E353FF4002919C4 /* ZaimaSocial */,
			);
		};
/* End PBXProject section */

/* Begin PBXResourcesBuildPhase section */
		E7568C871E353FF4002919C4 /* Resources */ = {
			isa = PBXResourcesBuildPhase;
			buildActionMask = 2147483647;
			files = (
				E7568C971E353FF4002919C4 /* LaunchScreen.storyboard in Resources */,
				E7568C9F1E354165002919C4 /* GoogleService-Info.plist in Resources */,
				E7568C941E353FF4002919C4 /* Assets.xcassets in Resources */,
				E7568C921E353FF4002919C4 /* Main.storyboard in Resources */,
			);
			runOnlyForDeploymentPostprocessing = 0;
		};
/* End PBXResourcesBuildPhase section */

/* Begin PBXShellScriptBuildPhase section */
		2D6A83608F68DDCF54BC1222 /* [CP] Copy Pods Resources */ = {
			isa = PBXShellScriptBuildPhase;
			buildActionMask = 2147483647;
			files = (
			);
			inputPaths = (
			);
			name = "[CP] Copy Pods Resources";
			outputPaths = (
			);
			runOnlyForDeploymentPostprocessing = 0;
			shellPath = /bin/sh;
			shellScript = "\"${SRCROOT}/Pods/Target Support Files/Pods-ZaimaSocial/Pods-ZaimaSocial-resources.sh\"\n";
			showEnvVarsInLog = 0;
		};
		759DE1F4D8BACEB756872B56 /* [CP] Embed Pods Frameworks */ = {
			isa = PBXShellScriptBuildPhase;
			buildActionMask = 2147483647;
			files = (
			);
			inputPaths = (
			);
			name = "[CP] Embed Pods Frameworks";
			outputPaths = (
			);
			runOnlyForDeploymentPostprocessing = 0;
			shellPath = /bin/sh;
			shellScript = "\"${SRCROOT}/Pods/Target Support Files/Pods-ZaimaSocial/Pods-ZaimaSocial-frameworks.sh\"\n";
			showEnvVarsInLog = 0;
		};
		9003E4FDCF7ECDFD44F3C15E /* [CP] Check Pods Manifest.lock */ = {
			isa = PBXShellScriptBuildPhase;
			buildActionMask = 2147483647;
			files = (
			);
			inputPaths = (
			);
			name = "[CP] Check Pods Manifest.lock";
			outputPaths = (
			);
			runOnlyForDeploymentPostprocessing = 0;
			shellPath = /bin/sh;
			shellScript = "diff \"${PODS_ROOT}/../Podfile.lock\" \"${PODS_ROOT}/Manifest.lock\" > /dev/null\nif [ $? != 0 ] ; then\n    # print error to STDERR\n    echo \"error: The sandbox is not in sync with the Podfile.lock. Run 'pod install' or update your CocoaPods installation.\" >&2\n    exit 1\nfi\n";
			showEnvVarsInLog = 0;
		};
/* End PBXShellScriptBuildPhase section */

/* Begin PBXSourcesBuildPhase section */
		E7568C851E353FF4002919C4 /* Sources */ = {
			isa = PBXSourcesBuildPhase;
			buildActionMask = 2147483647;
			files = (
				E7568CAB1E358FE2002919C4 /* FancyField.swift in Sources */,
				E7568C8F1E353FF4002919C4 /* SignInVC.swift in Sources */,
				E7568CA91E358DFB002919C4 /* RoundButton.swift in Sources */,
				E7568CAD1E35911B002919C4 /* FancyButton.swift in Sources */,
				E7568C8D1E353FF4002919C4 /* AppDelegate.swift in Sources */,
				E7568CA41E358BFE002919C4 /* FancyView.swift in Sources */,
				E7568CA71E358C65002919C4 /* Constants.swift in Sources */,
			);
			runOnlyForDeploymentPostprocessing = 0;
		};
/* End PBXSourcesBuildPhase section */

/* Begin PBXVariantGroup section */
		E7568C901E353FF4002919C4 /* Main.storyboard */ = {
			isa = PBXVariantGroup;
			children = (
				E7568C911E353FF4002919C4 /* Base */,
			);
			name = Main.storyboard;
			sourceTree = "<group>";
		};
		E7568C951E353FF4002919C4 /* LaunchScreen.storyboard */ = {
			isa = PBXVariantGroup;
			children = (
				E7568C961E353FF4002919C4 /* Base */,
			);
			name = LaunchScreen.storyboard;
			sourceTree = "<group>";
		};
/* End PBXVariantGroup section */

/* Begin XCBuildConfiguration section */
		E7568C991E353FF4002919C4 /* Debug */ = {
			isa = XCBuildConfiguration;
			buildSettings = {
				ALWAYS_SEARCH_USER_PATHS = NO;
				CLANG_ANALYZER_NONNULL = YES;
				CLANG_CXX_LANGUAGE_STANDARD = "gnu++0x";
				CLANG_CXX_LIBRARY = "libc++";
				CLANG_ENABLE_MODULES = YES;
				CLANG_ENABLE_OBJC_ARC = YES;
				CLANG_WARN_BOOL_CONVERSION = YES;
				CLANG_WARN_CONSTANT_CONVERSION = YES;
				CLANG_WARN_DIRECT_OBJC_ISA_USAGE = YES_ERROR;
				CLANG_WARN_DOCUMENTATION_COMMENTS = YES;
				CLANG_WARN_EMPTY_BODY = YES;
				CLANG_WARN_ENUM_CONVERSION = YES;
				CLANG_WARN_INFINITE_RECURSION = YES;
				CLANG_WARN_INT_CONVERSION = YES;
				CLANG_WARN_OBJC_ROOT_CLASS = YES_ERROR;
				CLANG_WARN_SUSPICIOUS_MOVE = YES;
				CLANG_WARN_UNREACHABLE_CODE = YES;
				CLANG_WARN__DUPLICATE_METHOD_MATCH = YES;
				"CODE_SIGN_IDENTITY[sdk=iphoneos*]" = "iPhone Developer";
				COPY_PHASE_STRIP = NO;
				DEBUG_INFORMATION_FORMAT = dwarf;
				ENABLE_STRICT_OBJC_MSGSEND = YES;
				ENABLE_TESTABILITY = YES;
				GCC_C_LANGUAGE_STANDARD = gnu99;
				GCC_DYNAMIC_NO_PIC = NO;
				GCC_NO_COMMON_BLOCKS = YES;
				GCC_OPTIMIZATION_LEVEL = 0;
				GCC_PREPROCESSOR_DEFINITIONS = (
					"DEBUG=1",
					"$(inherited)",
				);
				GCC_WARN_64_TO_32_BIT_CONVERSION = YES;
				GCC_WARN_ABOUT_RETURN_TYPE = YES_ERROR;
				GCC_WARN_UNDECLARED_SELECTOR = YES;
				GCC_WARN_UNINITIALIZED_AUTOS = YES_AGGRESSIVE;
				GCC_WARN_UNUSED_FUNCTION = YES;
				GCC_WARN_UNUSED_VARIABLE = YES;
				IPHONEOS_DEPLOYMENT_TARGET = 10.2;
				MTL_ENABLE_DEBUG_INFO = YES;
				ONLY_ACTIVE_ARCH = YES;
				SDKROOT = iphoneos;
				SWIFT_ACTIVE_COMPILATION_CONDITIONS = DEBUG;
				SWIFT_OPTIMIZATION_LEVEL = "-Onone";
				TARGETED_DEVICE_FAMILY = "1,2";
			};
			name = Debug;
		};
		E7568C9A1E353FF4002919C4 /* Release */ = {
			isa = XCBuildConfiguration;
			buildSettings = {
				ALWAYS_SEARCH_USER_PATHS = NO;
				CLANG_ANALYZER_NONNULL = YES;
				CLANG_CXX_LANGUAGE_STANDARD = "gnu++0x";
				CLANG_CXX_LIBRARY = "libc++";
				CLANG_ENABLE_MODULES = YES;
				CLANG_ENABLE_OBJC_ARC = YES;
				CLANG_WARN_BOOL_CONVERSION = YES;
				CLANG_WARN_CONSTANT_CONVERSION = YES;
				CLANG_WARN_DIRECT_OBJC_ISA_USAGE = YES_ERROR;
				CLANG_WARN_DOCUMENTATION_COMMENTS = YES;
				CLANG_WARN_EMPTY_BODY = YES;
				CLANG_WARN_ENUM_CONVERSION = YES;
				CLANG_WARN_INFINITE_RECURSION = YES;
				CLANG_WARN_INT_CONVERSION = YES;
				CLANG_WARN_OBJC_ROOT_CLASS = YES_ERROR;
				CLANG_WARN_SUSPICIOUS_MOVE = YES;
				CLANG_WARN_UNREACHABLE_CODE = YES;
				CLANG_WARN__DUPLICATE_METHOD_MATCH = YES;
				"CODE_SIGN_IDENTITY[sdk=iphoneos*]" = "iPhone Developer";
				COPY_PHASE_STRIP = NO;
				DEBUG_INFORMATION_FORMAT = "dwarf-with-dsym";
				ENABLE_NS_ASSERTIONS = NO;
				ENABLE_STRICT_OBJC_MSGSEND = YES;
				GCC_C_LANGUAGE_STANDARD = gnu99;
				GCC_NO_COMMON_BLOCKS = YES;
				GCC_WARN_64_TO_32_BIT_CONVERSION = YES;
				GCC_WARN_ABOUT_RETURN_TYPE = YES_ERROR;
				GCC_WARN_UNDECLARED_SELECTOR = YES;
				GCC_WARN_UNINITIALIZED_AUTOS = YES_AGGRESSIVE;
				GCC_WARN_UNUSED_FUNCTION = YES;
				GCC_WARN_UNUSED_VARIABLE = YES;
				IPHONEOS_DEPLOYMENT_TARGET = 10.2;
				MTL_ENABLE_DEBUG_INFO = NO;
				SDKROOT = iphoneos;
				SWIFT_OPTIMIZATION_LEVEL = "-Owholemodule";
				TARGETED_DEVICE_FAMILY = "1,2";
				VALIDATE_PRODUCT = YES;
			};
			name = Release;
		};
		E7568C9C1E353FF4002919C4 /* Debug */ = {
			isa = XCBuildConfiguration;
			baseConfigurationReference = 61CBBC17AF594CB7BAD40A1D /* Pods-ZaimaSocial.debug.xcconfig */;
			buildSettings = {
				ASSETCATALOG_COMPILER_APPICON_NAME = AppIcon;
				DEVELOPMENT_TEAM = 9MT4EUS42Y;
				INFOPLIST_FILE = ZaimaSocial/Info.plist;
				LD_RUNPATH_SEARCH_PATHS = "$(inherited) @executable_path/Frameworks";
				PRODUCT_BUNDLE_IDENTIFIER = Zaima.ZaimaSocial;
				PRODUCT_NAME = "$(TARGET_NAME)";
				SWIFT_VERSION = 3.0;
			};
			name = Debug;
		};
		E7568C9D1E353FF4002919C4 /* Release */ = {
			isa = XCBuildConfiguration;
			baseConfigurationReference = 9449314E6EE6BDF156DBEB1E /* Pods-ZaimaSocial.release.xcconfig */;
			buildSettings = {
				ASSETCATALOG_COMPILER_APPICON_NAME = AppIcon;
				DEVELOPMENT_TEAM = 9MT4EUS42Y;
				INFOPLIST_FILE = ZaimaSocial/Info.plist;
				LD_RUNPATH_SEARCH_PATHS = "$(inherited) @executable_path/Frameworks";
				PRODUCT_BUNDLE_IDENTIFIER = Zaima.ZaimaSocial;
				PRODUCT_NAME = "$(TARGET_NAME)";
				SWIFT_VERSION = 3.0;
			};
			name = Release;
		};
/* End XCBuildConfiguration section */

/* Begin XCConfigurationList section */
		E7568C841E353FF4002919C4 /* Build configuration list for PBXProject "ZaimaSocial" */ = {
			isa = XCConfigurationList;
			buildConfigurations = (
				E7568C991E353FF4002919C4 /* Debug */,
				E7568C9A1E353FF4002919C4 /* Release */,
			);
			defaultConfigurationIsVisible = 0;
			defaultConfigurationName = Release;
		};
		E7568C9B1E353FF4002919C4 /* Build configuration list for PBXNativeTarget "ZaimaSocial" */ = {
			isa = XCConfigurationList;
			buildConfigurations = (
				E7568C9C1E353FF4002919C4 /* Debug */,
				E7568C9D1E353FF4002919C4 /* Release */,
			);
			defaultConfigurationIsVisible = 0;
			defaultConfigurationName = Release;
		};
/* End XCConfigurationList section */
	};
	rootObject = E7568C811E353FF4002919C4 /* Project object */;
}
